
Microsoft Visual Studio Solution File, Format Version 12.00
# Visual Studio 2013
VisualStudioVersion = 12.0.31101.0
MinimumVisualStudioVersion = 10.0.40219.1
Project("{2150E333-8FDC-42A3-9474-1A3956D46DE8}") = "Universal", "Universal", "{40FDBA0C-B106-46B9-B053-E579DE60EC9B}"
EndProject
Project("{2150E333-8FDC-42A3-9474-1A3956D46DE8}") = "Silverlight", "Silverlight", "{7739B5A1-4C59-449E-A789-424CB189742B}"
EndProject
Project("{2150E333-8FDC-42A3-9474-1A3956D46DE8}") = "Testing", "Testing", "{E6BABB7B-0474-4D02-865C-96FFF3C244A6}"
EndProject
Project("{2150E333-8FDC-42A3-9474-1A3956D46DE8}") = "Testing", "Testing", "{6883937F-67BA-4148-BA88-5FDC330DDDF9}"
EndProject
Project("{FAE04EC0-301F-11D3-BF4B-00C04F79EFBC}") = "Testing", "TestProjects\AppSilverlight\Testing.csproj", "{DFA65252-C840-414A-A91B-015ED1BCFA88}"
EndProject
Project("{FAE04EC0-301F-11D3-BF4B-00C04F79EFBC}") = "PivotApp1", "TestProjects\PivotAppSilverlight\PivotApp1.csproj", "{B91BA056-1FBF-4585-9CA1-AD7BFF6291A2}"
EndProject
Project("{FAE04EC0-301F-11D3-BF4B-00C04F79EFBC}") = "AppAnalyticsRT", "LibUniversal\AppAnalyticsRT.csproj", "{7797539F-E6D3-4630-9BE0-C12DC5E38C38}"
EndProject
Project("{FAE04EC0-301F-11D3-BF4B-00C04F79EFBC}") = "AppAnalytics", "LibSilverlight\AppAnalytics.csproj", "{245EC73C-E7FF-4ABC-8410-CAB8DFC2DE8F}"
EndProject
Project("{D954291E-2A0B-460D-934E-DC6B0785DB48}") = "App1.Shared", "TestProjects\AppUniversal\App1.Shared\App1.Shared.shproj", "{FE45E79E-76CE-491E-9D22-7E8C95F38F07}"
EndProject
Project("{FAE04EC0-301F-11D3-BF4B-00C04F79EFBC}") = "App1.WindowsPhone", "TestProjects\AppUniversal\App1.WindowsPhone\App1.WindowsPhone.csproj", "{27838708-C1C4-4032-A49F-D5785B1E53FC}"
EndProject
Project("{FAE04EC0-301F-11D3-BF4B-00C04F79EFBC}") = "App1.Windows", "TestProjects\AppUniversal\App1.Windows\App1.Windows.csproj", "{DB017E53-1EFD-4EF7-8B9D-1F00DEAF2BA9}"
EndProject
Project("{2150E333-8FDC-42A3-9474-1A3956D46DE8}") = "Hub", "Hub", "{05E7A92D-7653-4FC7-995C-7181113E15BE}"
EndProject
Project("{D954291E-2A0B-460D-934E-DC6B0785DB48}") = "Hub.Shared", "TestProjects\Hub\Hub.Shared\Hub.Shared.shproj", "{6CA4BA2C-D031-4893-B550-2859A5914BC6}"
EndProject
Project("{FAE04EC0-301F-11D3-BF4B-00C04F79EFBC}") = "Hub.Windows", "TestProjects\Hub\Hub.Windows\Hub.Windows.csproj", "{46E48360-EACD-4F2C-9C4C-34E6B1208D54}"
EndProject
Project("{FAE04EC0-301F-11D3-BF4B-00C04F79EFBC}") = "Hub.WindowsPhone", "TestProjects\Hub\Hub.WindowsPhone\Hub.WindowsPhone.csproj", "{35311E72-85B5-40BE-8302-601190C6337C}"
EndProject
Project("{2150E333-8FDC-42A3-9474-1A3956D46DE8}") = "Map", "Map", "{67B8D9D5-AC2C-47E9-A0C1-6E2C096746CF}"
EndProject
Project("{D954291E-2A0B-460D-934E-DC6B0785DB48}") = "UniversalMapLauncher.Shared", "TestProjects\MapsMSDN sample\C#\UniversalMapLauncher\UniversalMapLauncher.Shared\UniversalMapLauncher.Shared.shproj", "{718EFC73-9613-4F24-BD5F-BB8488C1B86F}"
EndProject
Project("{FAE04EC0-301F-11D3-BF4B-00C04F79EFBC}") = "UniversalMapLauncher.Windows", "TestProjects\MapsMSDN sample\C#\UniversalMapLauncher\UniversalMapLauncher.Windows\UniversalMapLauncher.Windows.csproj", "{EFC25479-C713-4650-A684-28DC254C5D7D}"
EndProject
Project("{FAE04EC0-301F-11D3-BF4B-00C04F79EFBC}") = "UniversalMapLauncher.WindowsPhone", "TestProjects\MapsMSDN sample\C#\UniversalMapLauncher\UniversalMapLauncher.WindowsPhone\UniversalMapLauncher.WindowsPhone.csproj", "{0BE99691-FE11-4D63-AD9B-1F7ABBE4764C}"
EndProject
Global
	GlobalSection(SharedMSBuildProjectFiles) = preSolution
		TestProjects\Hub\Hub.Shared\Hub.Shared.projitems*{6ca4ba2c-d031-4893-b550-2859a5914bc6}*SharedItemsImports = 13
		TestProjects\Hub\Hub.Shared\Hub.Shared.projitems*{46e48360-eacd-4f2c-9c4c-34e6b1208d54}*SharedItemsImports = 4
		TestProjects\Hub\Hub.Shared\Hub.Shared.projitems*{35311e72-85b5-40be-8302-601190c6337c}*SharedItemsImports = 4
		TestProjects\AppUniversal\App1.Shared\App1.Shared.projitems*{db017e53-1efd-4ef7-8b9d-1f00deaf2ba9}*SharedItemsImports = 4
		TestProjects\MapsMSDN sample\C#\UniversalMapLauncher\UniversalMapLauncher.Shared\UniversalMapLauncher.Shared.projitems*{0be99691-fe11-4d63-ad9b-1f7abbe4764c}*SharedItemsImports = 4
		TestProjects\AppUniversal\App1.Shared\App1.Shared.projitems*{fe45e79e-76ce-491e-9d22-7e8c95f38f07}*SharedItemsImports = 13
		TestProjects\MapsMSDN sample\C#\UniversalMapLauncher\UniversalMapLauncher.Shared\UniversalMapLauncher.Shared.projitems*{efc25479-c713-4650-a684-28dc254c5d7d}*SharedItemsImports = 4
		TestProjects\AppUniversal\App1.Shared\App1.Shared.projitems*{27838708-c1c4-4032-a49f-d5785b1e53fc}*SharedItemsImports = 4
		TestProjects\MapsMSDN sample\C#\UniversalMapLauncher\UniversalMapLauncher.Shared\UniversalMapLauncher.Shared.projitems*{718efc73-9613-4f24-bd5f-bb8488c1b86f}*SharedItemsImports = 13
	EndGlobalSection
	GlobalSection(SolutionConfigurationPlatforms) = preSolution
		Debug|Any CPU = Debug|Any CPU
		Debug|ARM = Debug|ARM
		Debug|Mixed Platforms = Debug|Mixed Platforms
		Debug|x64 = Debug|x64
		Debug|x86 = Debug|x86
		Release|Any CPU = Release|Any CPU
		Release|ARM = Release|ARM
		Release|Mixed Platforms = Release|Mixed Platforms
		Release|x64 = Release|x64
		Release|x86 = Release|x86
	EndGlobalSection
	GlobalSection(ProjectConfigurationPlatforms) = postSolution
		{DFA65252-C840-414A-A91B-015ED1BCFA88}.Debug|Any CPU.ActiveCfg = Debug|Any CPU
		{DFA65252-C840-414A-A91B-015ED1BCFA88}.Debug|Any CPU.Build.0 = Debug|Any CPU
		{DFA65252-C840-414A-A91B-015ED1BCFA88}.Debug|Any CPU.Deploy.0 = Debug|Any CPU
		{DFA65252-C840-414A-A91B-015ED1BCFA88}.Debug|ARM.ActiveCfg = Debug|ARM
		{DFA65252-C840-414A-A91B-015ED1BCFA88}.Debug|ARM.Build.0 = Debug|ARM
		{DFA65252-C840-414A-A91B-015ED1BCFA88}.Debug|ARM.Deploy.0 = Debug|ARM
		{DFA65252-C840-414A-A91B-015ED1BCFA88}.Debug|Mixed Platforms.ActiveCfg = Debug|x86
		{DFA65252-C840-414A-A91B-015ED1BCFA88}.Debug|Mixed Platforms.Build.0 = Debug|x86
		{DFA65252-C840-414A-A91B-015ED1BCFA88}.Debug|Mixed Platforms.Deploy.0 = Debug|x86
		{DFA65252-C840-414A-A91B-015ED1BCFA88}.Debug|x64.ActiveCfg = Debug|Any CPU
		{DFA65252-C840-414A-A91B-015ED1BCFA88}.Debug|x86.ActiveCfg = Debug|x86
		{DFA65252-C840-414A-A91B-015ED1BCFA88}.Debug|x86.Build.0 = Debug|x86
		{DFA65252-C840-414A-A91B-015ED1BCFA88}.Debug|x86.Deploy.0 = Debug|x86
		{DFA65252-C840-414A-A91B-015ED1BCFA88}.Release|Any CPU.ActiveCfg = Release|Any CPU
		{DFA65252-C840-414A-A91B-015ED1BCFA88}.Release|Any CPU.Build.0 = Release|Any CPU
		{DFA65252-C840-414A-A91B-015ED1BCFA88}.Release|Any CPU.Deploy.0 = Release|Any CPU
		{DFA65252-C840-414A-A91B-015ED1BCFA88}.Release|ARM.ActiveCfg = Release|ARM
		{DFA65252-C840-414A-A91B-015ED1BCFA88}.Release|ARM.Build.0 = Release|ARM
		{DFA65252-C840-414A-A91B-015ED1BCFA88}.Release|ARM.Deploy.0 = Release|ARM
		{DFA65252-C840-414A-A91B-015ED1BCFA88}.Release|Mixed Platforms.ActiveCfg = Release|x86
		{DFA65252-C840-414A-A91B-015ED1BCFA88}.Release|Mixed Platforms.Build.0 = Release|x86
		{DFA65252-C840-414A-A91B-015ED1BCFA88}.Release|Mixed Platforms.Deploy.0 = Release|x86
		{DFA65252-C840-414A-A91B-015ED1BCFA88}.Release|x64.ActiveCfg = Release|Any CPU
		{DFA65252-C840-414A-A91B-015ED1BCFA88}.Release|x86.ActiveCfg = Release|x86
		{DFA65252-C840-414A-A91B-015ED1BCFA88}.Release|x86.Build.0 = Release|x86
		{DFA65252-C840-414A-A91B-015ED1BCFA88}.Release|x86.Deploy.0 = Release|x86
		{B91BA056-1FBF-4585-9CA1-AD7BFF6291A2}.Debug|Any CPU.ActiveCfg = Debug|Any CPU
		{B91BA056-1FBF-4585-9CA1-AD7BFF6291A2}.Debug|Any CPU.Build.0 = Debug|Any CPU
		{B91BA056-1FBF-4585-9CA1-AD7BFF6291A2}.Debug|Any CPU.Deploy.0 = Debug|Any CPU
		{B91BA056-1FBF-4585-9CA1-AD7BFF6291A2}.Debug|ARM.ActiveCfg = Debug|ARM
		{B91BA056-1FBF-4585-9CA1-AD7BFF6291A2}.Debug|ARM.Build.0 = Debug|ARM
		{B91BA056-1FBF-4585-9CA1-AD7BFF6291A2}.Debug|ARM.Deploy.0 = Debug|ARM
		{B91BA056-1FBF-4585-9CA1-AD7BFF6291A2}.Debug|Mixed Platforms.ActiveCfg = Debug|x86
		{B91BA056-1FBF-4585-9CA1-AD7BFF6291A2}.Debug|Mixed Platforms.Build.0 = Debug|x86
		{B91BA056-1FBF-4585-9CA1-AD7BFF6291A2}.Debug|Mixed Platforms.Deploy.0 = Debug|x86
		{B91BA056-1FBF-4585-9CA1-AD7BFF6291A2}.Debug|x64.ActiveCfg = Debug|Any CPU
		{B91BA056-1FBF-4585-9CA1-AD7BFF6291A2}.Debug|x86.ActiveCfg = Debug|x86
		{B91BA056-1FBF-4585-9CA1-AD7BFF6291A2}.Debug|x86.Build.0 = Debug|x86
		{B91BA056-1FBF-4585-9CA1-AD7BFF6291A2}.Debug|x86.Deploy.0 = Debug|x86
		{B91BA056-1FBF-4585-9CA1-AD7BFF6291A2}.Release|Any CPU.ActiveCfg = Release|Any CPU
		{B91BA056-1FBF-4585-9CA1-AD7BFF6291A2}.Release|Any CPU.Build.0 = Release|Any CPU
		{B91BA056-1FBF-4585-9CA1-AD7BFF6291A2}.Release|Any CPU.Deploy.0 = Release|Any CPU
		{B91BA056-1FBF-4585-9CA1-AD7BFF6291A2}.Release|ARM.ActiveCfg = Release|ARM
		{B91BA056-1FBF-4585-9CA1-AD7BFF6291A2}.Release|ARM.Build.0 = Release|ARM
		{B91BA056-1FBF-4585-9CA1-AD7BFF6291A2}.Release|ARM.Deploy.0 = Release|ARM
		{B91BA056-1FBF-4585-9CA1-AD7BFF6291A2}.Release|Mixed Platforms.ActiveCfg = Release|x86
		{B91BA056-1FBF-4585-9CA1-AD7BFF6291A2}.Release|Mixed Platforms.Build.0 = Release|x86
		{B91BA056-1FBF-4585-9CA1-AD7BFF6291A2}.Release|Mixed Platforms.Deploy.0 = Release|x86
		{B91BA056-1FBF-4585-9CA1-AD7BFF6291A2}.Release|x64.ActiveCfg = Release|Any CPU
		{B91BA056-1FBF-4585-9CA1-AD7BFF6291A2}.Release|x86.ActiveCfg = Release|x86
		{B91BA056-1FBF-4585-9CA1-AD7BFF6291A2}.Release|x86.Build.0 = Release|x86
		{B91BA056-1FBF-4585-9CA1-AD7BFF6291A2}.Release|x86.Deploy.0 = Release|x86
		{7797539F-E6D3-4630-9BE0-C12DC5E38C38}.Debug|Any CPU.ActiveCfg = Debug|Any CPU
		{7797539F-E6D3-4630-9BE0-C12DC5E38C38}.Debug|Any CPU.Build.0 = Debug|Any CPU
		{7797539F-E6D3-4630-9BE0-C12DC5E38C38}.Debug|ARM.ActiveCfg = Debug|Any CPU
		{7797539F-E6D3-4630-9BE0-C12DC5E38C38}.Debug|Mixed Platforms.ActiveCfg = Debug|Any CPU
		{7797539F-E6D3-4630-9BE0-C12DC5E38C38}.Debug|Mixed Platforms.Build.0 = Debug|Any CPU
		{7797539F-E6D3-4630-9BE0-C12DC5E38C38}.Debug|x64.ActiveCfg = Debug|Any CPU
		{7797539F-E6D3-4630-9BE0-C12DC5E38C38}.Debug|x86.ActiveCfg = Debug|Any CPU
		{7797539F-E6D3-4630-9BE0-C12DC5E38C38}.Release|Any CPU.ActiveCfg = Release|Any CPU
		{7797539F-E6D3-4630-9BE0-C12DC5E38C38}.Release|Any CPU.Build.0 = Release|Any CPU
		{7797539F-E6D3-4630-9BE0-C12DC5E38C38}.Release|ARM.ActiveCfg = Release|Any CPU
		{7797539F-E6D3-4630-9BE0-C12DC5E38C38}.Release|Mixed Platforms.ActiveCfg = Release|Any CPU
		{7797539F-E6D3-4630-9BE0-C12DC5E38C38}.Release|Mixed Platforms.Build.0 = Release|Any CPU
		{7797539F-E6D3-4630-9BE0-C12DC5E38C38}.Release|x64.ActiveCfg = Release|Any CPU
		{7797539F-E6D3-4630-9BE0-C12DC5E38C38}.Release|x86.ActiveCfg = Release|Any CPU
		{245EC73C-E7FF-4ABC-8410-CAB8DFC2DE8F}.Debug|Any CPU.ActiveCfg = Debug|Any CPU
		{245EC73C-E7FF-4ABC-8410-CAB8DFC2DE8F}.Debug|Any CPU.Build.0 = Debug|Any CPU
		{245EC73C-E7FF-4ABC-8410-CAB8DFC2DE8F}.Debug|ARM.ActiveCfg = Debug|ARM
		{245EC73C-E7FF-4ABC-8410-CAB8DFC2DE8F}.Debug|ARM.Build.0 = Debug|ARM
		{245EC73C-E7FF-4ABC-8410-CAB8DFC2DE8F}.Debug|Mixed Platforms.ActiveCfg = Debug|x86
		{245EC73C-E7FF-4ABC-8410-CAB8DFC2DE8F}.Debug|Mixed Platforms.Build.0 = Debug|x86
		{245EC73C-E7FF-4ABC-8410-CAB8DFC2DE8F}.Debug|x64.ActiveCfg = Debug|Any CPU
		{245EC73C-E7FF-4ABC-8410-CAB8DFC2DE8F}.Debug|x86.ActiveCfg = Debug|x86
		{245EC73C-E7FF-4ABC-8410-CAB8DFC2DE8F}.Debug|x86.Build.0 = Debug|x86
		{245EC73C-E7FF-4ABC-8410-CAB8DFC2DE8F}.Release|Any CPU.ActiveCfg = Release|Any CPU
		{245EC73C-E7FF-4ABC-8410-CAB8DFC2DE8F}.Release|Any CPU.Build.0 = Release|Any CPU
		{245EC73C-E7FF-4ABC-8410-CAB8DFC2DE8F}.Release|ARM.ActiveCfg = Release|ARM
		{245EC73C-E7FF-4ABC-8410-CAB8DFC2DE8F}.Release|ARM.Build.0 = Release|ARM
		{245EC73C-E7FF-4ABC-8410-CAB8DFC2DE8F}.Release|Mixed Platforms.ActiveCfg = Release|x86
		{245EC73C-E7FF-4ABC-8410-CAB8DFC2DE8F}.Release|Mixed Platforms.Build.0 = Release|x86
		{245EC73C-E7FF-4ABC-8410-CAB8DFC2DE8F}.Release|x64.ActiveCfg = Release|Any CPU
		{245EC73C-E7FF-4ABC-8410-CAB8DFC2DE8F}.Release|x86.ActiveCfg = Release|x86
		{245EC73C-E7FF-4ABC-8410-CAB8DFC2DE8F}.Release|x86.Build.0 = Release|x86
		{27838708-C1C4-4032-A49F-D5785B1E53FC}.Debug|Any CPU.ActiveCfg = Debug|Any CPU
		{27838708-C1C4-4032-A49F-D5785B1E53FC}.Debug|Any CPU.Build.0 = Debug|Any CPU
		{27838708-C1C4-4032-A49F-D5785B1E53FC}.Debug|Any CPU.Deploy.0 = Debug|Any CPU
		{27838708-C1C4-4032-A49F-D5785B1E53FC}.Debug|ARM.ActiveCfg = Debug|ARM
		{27838708-C1C4-4032-A49F-D5785B1E53FC}.Debug|ARM.Build.0 = Debug|ARM
		{27838708-C1C4-4032-A49F-D5785B1E53FC}.Debug|ARM.Deploy.0 = Debug|ARM
		{27838708-C1C4-4032-A49F-D5785B1E53FC}.Debug|Mixed Platforms.ActiveCfg = Debug|x86
		{27838708-C1C4-4032-A49F-D5785B1E53FC}.Debug|Mixed Platforms.Build.0 = Debug|x86
		{27838708-C1C4-4032-A49F-D5785B1E53FC}.Debug|Mixed Platforms.Deploy.0 = Debug|x86
		{27838708-C1C4-4032-A49F-D5785B1E53FC}.Debug|x64.ActiveCfg = Debug|Any CPU
		{27838708-C1C4-4032-A49F-D5785B1E53FC}.Debug|x86.ActiveCfg = Debug|x86
		{27838708-C1C4-4032-A49F-D5785B1E53FC}.Debug|x86.Build.0 = Debug|x86
		{27838708-C1C4-4032-A49F-D5785B1E53FC}.Debug|x86.Deploy.0 = Debug|x86
		{27838708-C1C4-4032-A49F-D5785B1E53FC}.Release|Any CPU.ActiveCfg = Release|Any CPU
		{27838708-C1C4-4032-A49F-D5785B1E53FC}.Release|Any CPU.Build.0 = Release|Any CPU
		{27838708-C1C4-4032-A49F-D5785B1E53FC}.Release|Any CPU.Deploy.0 = Release|Any CPU
		{27838708-C1C4-4032-A49F-D5785B1E53FC}.Release|ARM.ActiveCfg = Release|ARM
		{27838708-C1C4-4032-A49F-D5785B1E53FC}.Release|ARM.Build.0 = Release|ARM
		{27838708-C1C4-4032-A49F-D5785B1E53FC}.Release|ARM.Deploy.0 = Release|ARM
		{27838708-C1C4-4032-A49F-D5785B1E53FC}.Release|Mixed Platforms.ActiveCfg = Release|x86
		{27838708-C1C4-4032-A49F-D5785B1E53FC}.Release|Mixed Platforms.Build.0 = Release|x86
		{27838708-C1C4-4032-A49F-D5785B1E53FC}.Release|Mixed Platforms.Deploy.0 = Release|x86
		{27838708-C1C4-4032-A49F-D5785B1E53FC}.Release|x64.ActiveCfg = Release|Any CPU
		{27838708-C1C4-4032-A49F-D5785B1E53FC}.Release|x86.ActiveCfg = Release|x86
		{27838708-C1C4-4032-A49F-D5785B1E53FC}.Release|x86.Build.0 = Release|x86
		{27838708-C1C4-4032-A49F-D5785B1E53FC}.Release|x86.Deploy.0 = Release|x86
		{DB017E53-1EFD-4EF7-8B9D-1F00DEAF2BA9}.Debug|Any CPU.ActiveCfg = Debug|Any CPU
		{DB017E53-1EFD-4EF7-8B9D-1F00DEAF2BA9}.Debug|Any CPU.Build.0 = Debug|Any CPU
		{DB017E53-1EFD-4EF7-8B9D-1F00DEAF2BA9}.Debug|Any CPU.Deploy.0 = Debug|Any CPU
		{DB017E53-1EFD-4EF7-8B9D-1F00DEAF2BA9}.Debug|ARM.ActiveCfg = Debug|ARM
		{DB017E53-1EFD-4EF7-8B9D-1F00DEAF2BA9}.Debug|ARM.Build.0 = Debug|ARM
		{DB017E53-1EFD-4EF7-8B9D-1F00DEAF2BA9}.Debug|ARM.Deploy.0 = Debug|ARM
		{DB017E53-1EFD-4EF7-8B9D-1F00DEAF2BA9}.Debug|Mixed Platforms.ActiveCfg = Debug|x86
		{DB017E53-1EFD-4EF7-8B9D-1F00DEAF2BA9}.Debug|Mixed Platforms.Build.0 = Debug|x86
		{DB017E53-1EFD-4EF7-8B9D-1F00DEAF2BA9}.Debug|Mixed Platforms.Deploy.0 = Debug|x86
		{DB017E53-1EFD-4EF7-8B9D-1F00DEAF2BA9}.Debug|x64.ActiveCfg = Debug|x64
		{DB017E53-1EFD-4EF7-8B9D-1F00DEAF2BA9}.Debug|x64.Build.0 = Debug|x64
		{DB017E53-1EFD-4EF7-8B9D-1F00DEAF2BA9}.Debug|x64.Deploy.0 = Debug|x64
		{DB017E53-1EFD-4EF7-8B9D-1F00DEAF2BA9}.Debug|x86.ActiveCfg = Debug|x86
		{DB017E53-1EFD-4EF7-8B9D-1F00DEAF2BA9}.Debug|x86.Build.0 = Debug|x86
		{DB017E53-1EFD-4EF7-8B9D-1F00DEAF2BA9}.Debug|x86.Deploy.0 = Debug|x86
		{DB017E53-1EFD-4EF7-8B9D-1F00DEAF2BA9}.Release|Any CPU.ActiveCfg = Release|Any CPU
		{DB017E53-1EFD-4EF7-8B9D-1F00DEAF2BA9}.Release|Any CPU.Build.0 = Release|Any CPU
		{DB017E53-1EFD-4EF7-8B9D-1F00DEAF2BA9}.Release|Any CPU.Deploy.0 = Release|Any CPU
		{DB017E53-1EFD-4EF7-8B9D-1F00DEAF2BA9}.Release|ARM.ActiveCfg = Release|ARM
		{DB017E53-1EFD-4EF7-8B9D-1F00DEAF2BA9}.Release|ARM.Build.0 = Release|ARM
		{DB017E53-1EFD-4EF7-8B9D-1F00DEAF2BA9}.Release|ARM.Deploy.0 = Release|ARM
		{DB017E53-1EFD-4EF7-8B9D-1F00DEAF2BA9}.Release|Mixed Platforms.ActiveCfg = Release|x86
		{DB017E53-1EFD-4EF7-8B9D-1F00DEAF2BA9}.Release|Mixed Platforms.Build.0 = Release|x86
		{DB017E53-1EFD-4EF7-8B9D-1F00DEAF2BA9}.Release|Mixed Platforms.Deploy.0 = Release|x86
		{DB017E53-1EFD-4EF7-8B9D-1F00DEAF2BA9}.Release|x64.ActiveCfg = Release|x64
		{DB017E53-1EFD-4EF7-8B9D-1F00DEAF2BA9}.Release|x64.Build.0 = Release|x64
		{DB017E53-1EFD-4EF7-8B9D-1F00DEAF2BA9}.Release|x64.Deploy.0 = Release|x64
		{DB017E53-1EFD-4EF7-8B9D-1F00DEAF2BA9}.Release|x86.ActiveCfg = Release|x86
		{DB017E53-1EFD-4EF7-8B9D-1F00DEAF2BA9}.Release|x86.Build.0 = Release|x86
		{DB017E53-1EFD-4EF7-8B9D-1F00DEAF2BA9}.Release|x86.Deploy.0 = Release|x86
		{46E48360-EACD-4F2C-9C4C-34E6B1208D54}.Debug|Any CPU.ActiveCfg = Debug|Any CPU
		{46E48360-EACD-4F2C-9C4C-34E6B1208D54}.Debug|Any CPU.Build.0 = Debug|Any CPU
		{46E48360-EACD-4F2C-9C4C-34E6B1208D54}.Debug|Any CPU.Deploy.0 = Debug|Any CPU
		{46E48360-EACD-4F2C-9C4C-34E6B1208D54}.Debug|ARM.ActiveCfg = Debug|ARM
		{46E48360-EACD-4F2C-9C4C-34E6B1208D54}.Debug|ARM.Build.0 = Debug|ARM
		{46E48360-EACD-4F2C-9C4C-34E6B1208D54}.Debug|ARM.Deploy.0 = Debug|ARM
		{46E48360-EACD-4F2C-9C4C-34E6B1208D54}.Debug|Mixed Platforms.ActiveCfg = Debug|x86
		{46E48360-EACD-4F2C-9C4C-34E6B1208D54}.Debug|x64.ActiveCfg = Debug|x64
		{46E48360-EACD-4F2C-9C4C-34E6B1208D54}.Debug|x64.Build.0 = Debug|x64
		{46E48360-EACD-4F2C-9C4C-34E6B1208D54}.Debug|x64.Deploy.0 = Debug|x64
		{46E48360-EACD-4F2C-9C4C-34E6B1208D54}.Debug|x86.ActiveCfg = Debug|x86
		{46E48360-EACD-4F2C-9C4C-34E6B1208D54}.Debug|x86.Build.0 = Debug|x86
		{46E48360-EACD-4F2C-9C4C-34E6B1208D54}.Debug|x86.Deploy.0 = Debug|x86
		{46E48360-EACD-4F2C-9C4C-34E6B1208D54}.Release|Any CPU.ActiveCfg = Release|Any CPU
		{46E48360-EACD-4F2C-9C4C-34E6B1208D54}.Release|Any CPU.Build.0 = Release|Any CPU
		{46E48360-EACD-4F2C-9C4C-34E6B1208D54}.Release|Any CPU.Deploy.0 = Release|Any CPU
		{46E48360-EACD-4F2C-9C4C-34E6B1208D54}.Release|ARM.ActiveCfg = Release|ARM
		{46E48360-EACD-4F2C-9C4C-34E6B1208D54}.Release|ARM.Build.0 = Release|ARM
		{46E48360-EACD-4F2C-9C4C-34E6B1208D54}.Release|ARM.Deploy.0 = Release|ARM
		{46E48360-EACD-4F2C-9C4C-34E6B1208D54}.Release|Mixed Platforms.ActiveCfg = Release|x86
		{46E48360-EACD-4F2C-9C4C-34E6B1208D54}.Release|x64.ActiveCfg = Release|x64
		{46E48360-EACD-4F2C-9C4C-34E6B1208D54}.Release|x64.Build.0 = Release|x64
		{46E48360-EACD-4F2C-9C4C-34E6B1208D54}.Release|x64.Deploy.0 = Release|x64
		{46E48360-EACD-4F2C-9C4C-34E6B1208D54}.Release|x86.ActiveCfg = Release|x86
		{46E48360-EACD-4F2C-9C4C-34E6B1208D54}.Release|x86.Build.0 = Release|x86
		{46E48360-EACD-4F2C-9C4C-34E6B1208D54}.Release|x86.Deploy.0 = Release|x86
		{35311E72-85B5-40BE-8302-601190C6337C}.Debug|Any CPU.ActiveCfg = Debug|Any CPU
		{35311E72-85B5-40BE-8302-601190C6337C}.Debug|Any CPU.Build.0 = Debug|Any CPU
		{35311E72-85B5-40BE-8302-601190C6337C}.Debug|Any CPU.Deploy.0 = Debug|Any CPU
		{35311E72-85B5-40BE-8302-601190C6337C}.Debug|ARM.ActiveCfg = Debug|ARM
		{35311E72-85B5-40BE-8302-601190C6337C}.Debug|ARM.Build.0 = Debug|ARM
		{35311E72-85B5-40BE-8302-601190C6337C}.Debug|ARM.Deploy.0 = Debug|ARM
		{35311E72-85B5-40BE-8302-601190C6337C}.Debug|Mixed Platforms.ActiveCfg = Debug|x86
		{35311E72-85B5-40BE-8302-601190C6337C}.Debug|x64.ActiveCfg = Debug|Any CPU
		{35311E72-85B5-40BE-8302-601190C6337C}.Debug|x86.ActiveCfg = Debug|x86
		{35311E72-85B5-40BE-8302-601190C6337C}.Debug|x86.Build.0 = Debug|x86
		{35311E72-85B5-40BE-8302-601190C6337C}.Debug|x86.Deploy.0 = Debug|x86
		{35311E72-85B5-40BE-8302-601190C6337C}.Release|Any CPU.ActiveCfg = Release|Any CPU
		{35311E72-85B5-40BE-8302-601190C6337C}.Release|Any CPU.Build.0 = Release|Any CPU
		{35311E72-85B5-40BE-8302-601190C6337C}.Release|Any CPU.Deploy.0 = Release|Any CPU
		{35311E72-85B5-40BE-8302-601190C6337C}.Release|ARM.ActiveCfg = Release|ARM
		{35311E72-85B5-40BE-8302-601190C6337C}.Release|ARM.Build.0 = Release|ARM
		{35311E72-85B5-40BE-8302-601190C6337C}.Release|ARM.Deploy.0 = Release|ARM
		{35311E72-85B5-40BE-8302-601190C6337C}.Release|Mixed Platforms.ActiveCfg = Release|x86
		{35311E72-85B5-40BE-8302-601190C6337C}.Release|x64.ActiveCfg = Release|Any CPU
		{35311E72-85B5-40BE-8302-601190C6337C}.Release|x86.ActiveCfg = Release|x86
		{35311E72-85B5-40BE-8302-601190C6337C}.Release|x86.Build.0 = Release|x86
		{35311E72-85B5-40BE-8302-601190C6337C}.Release|x86.Deploy.0 = Release|x86
		{EFC25479-C713-4650-A684-28DC254C5D7D}.Debug|Any CPU.ActiveCfg = Debug|Any CPU
		{EFC25479-C713-4650-A684-28DC254C5D7D}.Debug|Any CPU.Build.0 = Debug|Any CPU
		{EFC25479-C713-4650-A684-28DC254C5D7D}.Debug|Any CPU.Deploy.0 = Debug|Any CPU
		{EFC25479-C713-4650-A684-28DC254C5D7D}.Debug|ARM.ActiveCfg = Debug|ARM
		{EFC25479-C713-4650-A684-28DC254C5D7D}.Debug|ARM.Build.0 = Debug|ARM
		{EFC25479-C713-4650-A684-28DC254C5D7D}.Debug|ARM.Deploy.0 = Debug|ARM
		{EFC25479-C713-4650-A684-28DC254C5D7D}.Debug|Mixed Platforms.ActiveCfg = Debug|x86
		{EFC25479-C713-4650-A684-28DC254C5D7D}.Debug|Mixed Platforms.Build.0 = Debug|x86
		{EFC25479-C713-4650-A684-28DC254C5D7D}.Debug|Mixed Platforms.Deploy.0 = Debug|x86
		{EFC25479-C713-4650-A684-28DC254C5D7D}.Debug|x64.ActiveCfg = Debug|x64
		{EFC25479-C713-4650-A684-28DC254C5D7D}.Debug|x64.Build.0 = Debug|x64
		{EFC25479-C713-4650-A684-28DC254C5D7D}.Debug|x64.Deploy.0 = Debug|x64
		{EFC25479-C713-4650-A684-28DC254C5D7D}.Debug|x86.ActiveCfg = Debug|x86
		{EFC25479-C713-4650-A684-28DC254C5D7D}.Debug|x86.Build.0 = Debug|x86
		{EFC25479-C713-4650-A684-28DC254C5D7D}.Debug|x86.Deploy.0 = Debug|x86
		{EFC25479-C713-4650-A684-28DC254C5D7D}.Release|Any CPU.ActiveCfg = Release|Any CPU
		{EFC25479-C713-4650-A684-28DC254C5D7D}.Release|Any CPU.Build.0 = Release|Any CPU
		{EFC25479-C713-4650-A684-28DC254C5D7D}.Release|Any CPU.Deploy.0 = Release|Any CPU
		{EFC25479-C713-4650-A684-28DC254C5D7D}.Release|ARM.ActiveCfg = Release|ARM
		{EFC25479-C713-4650-A684-28DC254C5D7D}.Release|ARM.Build.0 = Release|ARM
		{EFC25479-C713-4650-A684-28DC254C5D7D}.Release|ARM.Deploy.0 = Release|ARM
		{EFC25479-C713-4650-A684-28DC254C5D7D}.Release|Mixed Platforms.ActiveCfg = Release|x86
		{EFC25479-C713-4650-A684-28DC254C5D7D}.Release|Mixed Platforms.Build.0 = Release|x86
		{EFC25479-C713-4650-A684-28DC254C5D7D}.Release|Mixed Platforms.Deploy.0 = Release|x86
		{EFC25479-C713-4650-A684-28DC254C5D7D}.Release|x64.ActiveCfg = Release|x64
		{EFC25479-C713-4650-A684-28DC254C5D7D}.Release|x64.Build.0 = Release|x64
		{EFC25479-C713-4650-A684-28DC254C5D7D}.Release|x64.Deploy.0 = Release|x64
		{EFC25479-C713-4650-A684-28DC254C5D7D}.Release|x86.ActiveCfg = Release|x86
		{EFC25479-C713-4650-A684-28DC254C5D7D}.Release|x86.Build.0 = Release|x86
		{EFC25479-C713-4650-A684-28DC254C5D7D}.Release|x86.Deploy.0 = Release|x86
		{0BE99691-FE11-4D63-AD9B-1F7ABBE4764C}.Debug|Any CPU.ActiveCfg = Debug|Any CPU
		{0BE99691-FE11-4D63-AD9B-1F7ABBE4764C}.Debug|Any CPU.Build.0 = Debug|Any CPU
		{0BE99691-FE11-4D63-AD9B-1F7ABBE4764C}.Debug|Any CPU.Deploy.0 = Debug|Any CPU
		{0BE99691-FE11-4D63-AD9B-1F7ABBE4764C}.Debug|ARM.ActiveCfg = Debug|ARM
		{0BE99691-FE11-4D63-AD9B-1F7ABBE4764C}.Debug|ARM.Build.0 = Debug|ARM
		{0BE99691-FE11-4D63-AD9B-1F7ABBE4764C}.Debug|ARM.Deploy.0 = Debug|ARM
		{0BE99691-FE11-4D63-AD9B-1F7ABBE4764C}.Debug|Mixed Platforms.ActiveCfg = Debug|x86
		{0BE99691-FE11-4D63-AD9B-1F7ABBE4764C}.Debug|Mixed Platforms.Build.0 = Debug|x86
		{0BE99691-FE11-4D63-AD9B-1F7ABBE4764C}.Debug|Mixed Platforms.Deploy.0 = Debug|x86
		{0BE99691-FE11-4D63-AD9B-1F7ABBE4764C}.Debug|x64.ActiveCfg = Debug|Any CPU
		{0BE99691-FE11-4D63-AD9B-1F7ABBE4764C}.Debug|x86.ActiveCfg = Debug|x86
		{0BE99691-FE11-4D63-AD9B-1F7ABBE4764C}.Debug|x86.Build.0 = Debug|x86
		{0BE99691-FE11-4D63-AD9B-1F7ABBE4764C}.Debug|x86.Deploy.0 = Debug|x86
		{0BE99691-FE11-4D63-AD9B-1F7ABBE4764C}.Release|Any CPU.ActiveCfg = Release|Any CPU
		{0BE99691-FE11-4D63-AD9B-1F7ABBE4764C}.Release|Any CPU.Build.0 = Release|Any CPU
		{0BE99691-FE11-4D63-AD9B-1F7ABBE4764C}.Release|Any CPU.Deploy.0 = Release|Any CPU
		{0BE99691-FE11-4D63-AD9B-1F7ABBE4764C}.Release|ARM.ActiveCfg = Release|ARM
		{0BE99691-FE11-4D63-AD9B-1F7ABBE4764C}.Release|ARM.Build.0 = Release|ARM
		{0BE99691-FE11-4D63-AD9B-1F7ABBE4764C}.Release|ARM.Deploy.0 = Release|ARM
		{0BE99691-FE11-4D63-AD9B-1F7ABBE4764C}.Release|Mixed Platforms.ActiveCfg = Release|x86
		{0BE99691-FE11-4D63-AD9B-1F7ABBE4764C}.Release|Mixed Platforms.Build.0 = Release|x86
		{0BE99691-FE11-4D63-AD9B-1F7ABBE4764C}.Release|Mixed Platforms.Deploy.0 = Release|x86
		{0BE99691-FE11-4D63-AD9B-1F7ABBE4764C}.Release|x64.ActiveCfg = Release|Any CPU
		{0BE99691-FE11-4D63-AD9B-1F7ABBE4764C}.Release|x86.ActiveCfg = Release|x86
		{0BE99691-FE11-4D63-AD9B-1F7ABBE4764C}.Release|x86.Build.0 = Release|x86
		{0BE99691-FE11-4D63-AD9B-1F7ABBE4764C}.Release|x86.Deploy.0 = Release|x86
	EndGlobalSection
	GlobalSection(SolutionProperties) = preSolution
		HideSolutionNode = FALSE
	EndGlobalSection
	GlobalSection(NestedProjects) = preSolution
		{E6BABB7B-0474-4D02-865C-96FFF3C244A6} = {7739B5A1-4C59-449E-A789-424CB189742B}
		{6883937F-67BA-4148-BA88-5FDC330DDDF9} = {40FDBA0C-B106-46B9-B053-E579DE60EC9B}
		{DFA65252-C840-414A-A91B-015ED1BCFA88} = {E6BABB7B-0474-4D02-865C-96FFF3C244A6}
		{B91BA056-1FBF-4585-9CA1-AD7BFF6291A2} = {E6BABB7B-0474-4D02-865C-96FFF3C244A6}
		{7797539F-E6D3-4630-9BE0-C12DC5E38C38} = {40FDBA0C-B106-46B9-B053-E579DE60EC9B}
		{245EC73C-E7FF-4ABC-8410-CAB8DFC2DE8F} = {7739B5A1-4C59-449E-A789-424CB189742B}
		{FE45E79E-76CE-491E-9D22-7E8C95F38F07} = {6883937F-67BA-4148-BA88-5FDC330DDDF9}
		{27838708-C1C4-4032-A49F-D5785B1E53FC} = {6883937F-67BA-4148-BA88-5FDC330DDDF9}
		{DB017E53-1EFD-4EF7-8B9D-1F00DEAF2BA9} = {6883937F-67BA-4148-BA88-5FDC330DDDF9}
		{05E7A92D-7653-4FC7-995C-7181113E15BE} = {6883937F-67BA-4148-BA88-5FDC330DDDF9}
		{6CA4BA2C-D031-4893-B550-2859A5914BC6} = {05E7A92D-7653-4FC7-995C-7181113E15BE}
		{46E48360-EACD-4F2C-9C4C-34E6B1208D54} = {05E7A92D-7653-4FC7-995C-7181113E15BE}
		{35311E72-85B5-40BE-8302-601190C6337C} = {05E7A92D-7653-4FC7-995C-7181113E15BE}
		{67B8D9D5-AC2C-47E9-A0C1-6E2C096746CF} = {6883937F-67BA-4148-BA88-5FDC330DDDF9}
		{718EFC73-9613-4F24-BD5F-BB8488C1B86F} = {67B8D9D5-AC2C-47E9-A0C1-6E2C096746CF}
		{EFC25479-C713-4650-A684-28DC254C5D7D} = {67B8D9D5-AC2C-47E9-A0C1-6E2C096746CF}
		{0BE99691-FE11-4D63-AD9B-1F7ABBE4764C} = {67B8D9D5-AC2C-47E9-A0C1-6E2C096746CF}
	EndGlobalSection
EndGlobal
